// !$*UTF8*$!
{
	archiveVersion = 1;
	classes = {
	};
	objectVersion = 46;
	objects = {

/* Begin PBXBuildFile section */
		1AC2A0BF1DCE7326001278F1 /* AppDelegate.swift in Sources */ = {isa = PBXBuildFile; fileRef = 1AC2A0BE1DCE7326001278F1 /* AppDelegate.swift */; };
		1AC2A0C41DCE7326001278F1 /* Main.storyboard in Resources */ = {isa = PBXBuildFile; fileRef = 1AC2A0C21DCE7326001278F1 /* Main.storyboard */; };
		1AC2A0C61DCE7326001278F1 /* Assets.xcassets in Resources */ = {isa = PBXBuildFile; fileRef = 1AC2A0C51DCE7326001278F1 /* Assets.xcassets */; };
		1AC2A0C91DCE7326001278F1 /* LaunchScreen.storyboard in Resources */ = {isa = PBXBuildFile; fileRef = 1AC2A0C71DCE7326001278F1 /* LaunchScreen.storyboard */; };
		1AC2A0D11DCE7792001278F1 /* Picture.swift in Sources */ = {isa = PBXBuildFile; fileRef = 1AC2A0D01DCE7792001278F1 /* Picture.swift */; };
		1AC2A0D41DCE77B9001278F1 /* APIRequestManager.swift in Sources */ = {isa = PBXBuildFile; fileRef = 1AC2A0D31DCE77B9001278F1 /* APIRequestManager.swift */; };
		1AC2A0D61DCE79EE001278F1 /* NASAPODViewController.swift in Sources */ = {isa = PBXBuildFile; fileRef = 1AC2A0D51DCE79EE001278F1 /* NASAPODViewController.swift */; };
/* End PBXBuildFile section */

/* Begin PBXFileReference section */
		1AC2A0BB1DCE7326001278F1 /* NASAPOD.app */ = {isa = PBXFileReference; explicitFileType = wrapper.application; includeInIndex = 0; path = NASAPOD.app; sourceTree = BUILT_PRODUCTS_DIR; };
		1AC2A0BE1DCE7326001278F1 /* AppDelegate.swift */ = {isa = PBXFileReference; lastKnownFileType = sourcecode.swift; path = AppDelegate.swift; sourceTree = "<group>"; };
		1AC2A0C31DCE7326001278F1 /* Base */ = {isa = PBXFileReference; lastKnownFileType = file.storyboard; name = Base; path = Base.lproj/Main.storyboard; sourceTree = "<group>"; };
		1AC2A0C51DCE7326001278F1 /* Assets.xcassets */ = {isa = PBXFileReference; lastKnownFileType = folder.assetcatalog; path = Assets.xcassets; sourceTree = "<group>"; };
		1AC2A0C81DCE7326001278F1 /* Base */ = {isa = PBXFileReference; lastKnownFileType = file.storyboard; name = Base; path = Base.lproj/LaunchScreen.storyboard; sourceTree = "<group>"; };
		1AC2A0CA1DCE7326001278F1 /* Info.plist */ = {isa = PBXFileReference; lastKnownFileType = text.plist.xml; path = Info.plist; sourceTree = "<group>"; };
		1AC2A0D01DCE7792001278F1 /* Picture.swift */ = {isa = PBXFileReference; fileEncoding = 4; lastKnownFileType = sourcecode.swift; path = Picture.swift; sourceTree = "<group>"; };
		1AC2A0D31DCE77B9001278F1 /* APIRequestManager.swift */ = {isa = PBXFileReference; fileEncoding = 4; lastKnownFileType = sourcecode.swift; path = APIRequestManager.swift; sourceTree = "<group>"; };
		1AC2A0D51DCE79EE001278F1 /* NASAPODViewController.swift */ = {isa = PBXFileReference; fileEncoding = 4; lastKnownFileType = sourcecode.swift; path = NASAPODViewController.swift; sourceTree = "<group>"; };
/* End PBXFileReference section */

/* Begin PBXFrameworksBuildPhase section */
		1AC2A0B81DCE7326001278F1 /* Frameworks */ = {
			isa = PBXFrameworksBuildPhase;
			buildActionMask = 2147483647;
			files = (
			);
			runOnlyForDeploymentPostprocessing = 0;
		};
/* End PBXFrameworksBuildPhase section */

/* Begin PBXGroup section */
		1A752EC61DD009A100A74B86 /* APIManager */ = {
			isa = PBXGroup;
			children = (
				1AC2A0D31DCE77B9001278F1 /* APIRequestManager.swift */,
			);
			name = APIManager;
			sourceTree = "<group>";
		};
		1A752EC71DD009B500A74B86 /* VIew */ = {
			isa = PBXGroup;
			children = (
				1AC2A0D51DCE79EE001278F1 /* NASAPODViewController.swift */,
			);
			name = VIew;
			sourceTree = "<group>";
		};
		1AC2A0B21DCE7326001278F1 = {
			isa = PBXGroup;
			children = (
				1AC2A0BD1DCE7326001278F1 /* NASAPOD */,
				1AC2A0BC1DCE7326001278F1 /* Products */,
			);
			sourceTree = "<group>";
		};
		1AC2A0BC1DCE7326001278F1 /* Products */ = {
			isa = PBXGroup;
			children = (
				1AC2A0BB1DCE7326001278F1 /* NASAPOD.app */,
			);
			name = Products;
			sourceTree = "<group>";
		};
		1AC2A0BD1DCE7326001278F1 /* NASAPOD */ = {
			isa = PBXGroup;
			children = (
				1A752EC71DD009B500A74B86 /* VIew */,
				1AC2A0BE1DCE7326001278F1 /* AppDelegate.swift */,
				1AC2A0C21DCE7326001278F1 /* Main.storyboard */,
				1A752EC61DD009A100A74B86 /* APIManager */,
				1AC2A0D21DCE77A4001278F1 /* Model */,
				1AC2A0C51DCE7326001278F1 /* Assets.xcassets */,
				1AC2A0C71DCE7326001278F1 /* LaunchScreen.storyboard */,
				1AC2A0CA1DCE7326001278F1 /* Info.plist */,
			);
			path = NASAPOD;
			sourceTree = "<group>";
		};
		1AC2A0D21DCE77A4001278F1 /* Model */ = {
			isa = PBXGroup;
			children = (
				1AC2A0D01DCE7792001278F1 /* Picture.swift */,
			);
			name = Model;
			sourceTree = "<group>";
		};
/* End PBXGroup section */

/* Begin PBXNativeTarget section */
		1AC2A0BA1DCE7326001278F1 /* NASAPOD */ = {
			isa = PBXNativeTarget;
			buildConfigurationList = 1AC2A0CD1DCE7326001278F1 /* Build configuration list for PBXNativeTarget "NASAPOD" */;
			buildPhases = (
				1AC2A0B71DCE7326001278F1 /* Sources */,
				1AC2A0B81DCE7326001278F1 /* Frameworks */,
				1AC2A0B91DCE7326001278F1 /* Resources */,
			);
			buildRules = (
			);
			dependencies = (
			);
			name = NASAPOD;
			productName = NASAPOD;
			productReference = 1AC2A0BB1DCE7326001278F1 /* NASAPOD.app */;
			productType = "com.apple.product-type.application";
		};
/* End PBXNativeTarget section */

/* Begin PBXProject section */
		1AC2A0B31DCE7326001278F1 /* Project object */ = {
			isa = PBXProject;
			attributes = {
				LastSwiftUpdateCheck = 0800;
				LastUpgradeCheck = 0810;
				ORGANIZATIONNAME = "Jermaine Kelly";
				TargetAttributes = {
					1AC2A0BA1DCE7326001278F1 = {
						CreatedOnToolsVersion = 8.0;
						ProvisioningStyle = Automatic;
					};
				};
			};
			buildConfigurationList = 1AC2A0B61DCE7326001278F1 /* Build configuration list for PBXProject "NASAPOD" */;
			compatibilityVersion = "Xcode 3.2";
			developmentRegion = English;
			hasScannedForEncodings = 0;
			knownRegions = (
				en,
				Base,
			);
			mainGroup = 1AC2A0B21DCE7326001278F1;
			productRefGroup = 1AC2A0BC1DCE7326001278F1 /* Products */;
			projectDirPath = "";
			projectRoot = "";
			targets = (
				1AC2A0BA1DCE7326001278F1 /* NASAPOD */,
			);
		};
/* End PBXProject section */

/* Begin PBXResourcesBuildPhase section */
		1AC2A0B91DCE7326001278F1 /* Resources */ = {
			isa = PBXResourcesBuildPhase;
			buildActionMask = 2147483647;
			files = (
				1AC2A0C91DCE7326001278F1 /* LaunchScreen.storyboard in Resources */,
				1AC2A0C61DCE7326001278F1 /* Assets.xcassets in Resources */,
				1AC2A0C41DCE7326001278F1 /* Main.storyboard in Resources */,
			);
			runOnlyForDeploymentPostprocessing = 0;
		};
/* End PBXResourcesBuildPhase section */

/* Begin PBXSourcesBuildPhase section */
		1AC2A0B71DCE7326001278F1 /* Sources */ = {
			isa = PBXSourcesBuildPhase;
			buildActionMask = 2147483647;
			files = (
				1AC2A0D41DCE77B9001278F1 /* APIRequestManager.swift in Sources */,
				1AC2A0D11DCE7792001278F1 /* Picture.swift in Sources */,
				1AC2A0BF1DCE7326001278F1 /* AppDelegate.swift in Sources */,
				1AC2A0D61DCE79EE001278F1 /* NASAPODViewController.swift in Sources */,
			);
			runOnlyForDeploymentPostprocessing = 0;
		};
/* End PBXSourcesBuildPhase section */

/* Begin PBXVariantGroup section */
		1AC2A0C21DCE7326001278F1 /* Main.storyboard */ = {
			isa = PBXVariantGroup;
			children = (
				1AC2A0C31DCE7326001278F1 /* Base */,
			);
			name = Main.storyboard;
			sourceTree = "<group>";
		};
		1AC2A0C71DCE7326001278F1 /* LaunchScreen.storyboard */ = {
			isa = PBXVariantGroup;
			children = (
				1AC2A0C81DCE7326001278F1 /* Base */,
			);
			name = LaunchScreen.storyboard;
			sourceTree = "<group>";
		};
/* End PBXVariantGroup section */

/* Begin XCBuildConfiguration section */
		1AC2A0CB1DCE7326001278F1 /* Debug */ = {
			isa = XCBuildConfiguration;
			buildSettings = {
				ALWAYS_SEARCH_USER_PATHS = NO;
				CLANG_ANALYZER_NONNULL = YES;
				CLANG_CXX_LANGUAGE_STANDARD = "gnu++0x";
				CLANG_CXX_LIBRARY = "libc++";
				CLANG_ENABLE_MODULES = YES;
				CLANG_ENABLE_OBJC_ARC = YES;
				CLANG_WARN_BOOL_CONVERSION = YES;
				CLANG_WARN_CONSTANT_CONVERSION = YES;
				CLANG_WARN_DIRECT_OBJC_ISA_USAGE = YES_ERROR;
				CLANG_WARN_DOCUMENTATION_COMMENTS = YES;
				CLANG_WARN_EMPTY_BODY = YES;
				CLANG_WARN_ENUM_CONVERSION = YES;
				CLANG_WARN_INFINITE_RECURSION = YES;
				CLANG_WARN_INT_CONVERSION = YES;
				CLANG_WARN_OBJC_ROOT_CLASS = YES_ERROR;
				CLANG_WARN_SUSPICIOUS_MOVE = YES;
				CLANG_WARN_SUSPICIOUS_MOVES = YES;
				CLANG_WARN_UNREACHABLE_CODE = YES;
				CLANG_WARN__DUPLICATE_METHOD_MATCH = YES;
				"CODE_SIGN_IDENTITY[sdk=iphoneos*]" = "iPhone Developer";
				COPY_PHASE_STRIP = NO;
				DEBUG_INFORMATION_FORMAT = dwarf;
				ENABLE_STRICT_OBJC_MSGSEND = YES;
				ENABLE_TESTABILITY = YES;
				GCC_C_LANGUAGE_STANDARD = gnu99;
				GCC_DYNAMIC_NO_PIC = NO;
				GCC_NO_COMMON_BLOCKS = YES;
				GCC_OPTIMIZATION_LEVEL = 0;
				GCC_PREPROCESSOR_DEFINITIONS = (
					"DEBUG=1",
					"$(inherited)",
				);
				GCC_WARN_64_TO_32_BIT_CONVERSION = YES;
				GCC_WARN_ABOUT_RETURN_TYPE = YES_ERROR;
				GCC_WARN_UNDECLARED_SELECTOR = YES;
				GCC_WARN_UNINITIALIZED_AUTOS = YES_AGGRESSIVE;
				GCC_WARN_UNUSED_FUNCTION = YES;
				GCC_WARN_UNUSED_VARIABLE = YES;
				IPHONEOS_DEPLOYMENT_TARGET = 10.0;
				MTL_ENABLE_DEBUG_INFO = YES;
				ONLY_ACTIVE_ARCH = YES;
				SDKROOT = iphoneos;
				SWIFT_ACTIVE_COMPILATION_CONDITIONS = DEBUG;
				SWIFT_OPTIMIZATION_LEVEL = "-Onone";
				TARGETED_DEVICE_FAMILY = "1,2";
			};
			name = Debug;
		};
		1AC2A0CC1DCE7326001278F1 /* Release */ = {
			isa = XCBuildConfiguration;
			buildSettings = {
				ALWAYS_SEARCH_USER_PATHS = NO;
				CLANG_ANALYZER_NONNULL = YES;
				CLANG_CXX_LANGUAGE_STANDARD = "gnu++0x";
				CLANG_CXX_LIBRARY = "libc++";
				CLANG_ENABLE_MODULES = YES;
				CLANG_ENABLE_OBJC_ARC = YES;
				CLANG_WARN_BOOL_CONVERSION = YES;
				CLANG_WARN_CONSTANT_CONVERSION = YES;
				CLANG_WARN_DIRECT_OBJC_ISA_USAGE = YES_ERROR;
				CLANG_WARN_DOCUMENTATION_COMMENTS = YES;
				CLANG_WARN_EMPTY_BODY = YES;
				CLANG_WARN_ENUM_CONVERSION = YES;
				CLANG_WARN_INFINITE_RECURSION = YES;
				CLANG_WARN_INT_CONVERSION = YES;
				CLANG_WARN_OBJC_ROOT_CLASS = YES_ERROR;
				CLANG_WARN_SUSPICIOUS_MOVE = YES;
				CLANG_WARN_SUSPICIOUS_MOVES = YES;
				CLANG_WARN_UNREACHABLE_CODE = YES;
				CLANG_WARN__DUPLICATE_METHOD_MATCH = YES;
				"CODE_SIGN_IDENTITY[sdk=iphoneos*]" = "iPhone Developer";
				COPY_PHASE_STRIP = NO;
				DEBUG_INFORMATION_FORMAT = "dwarf-with-dsym";
				ENABLE_NS_ASSERTIONS = NO;
				ENABLE_STRICT_OBJC_MSGSEND = YES;
				GCC_C_LANGUAGE_STANDARD = gnu99;
				GCC_NO_COMMON_BLOCKS = YES;
				GCC_WARN_64_TO_32_BIT_CONVERSION = YES;
				GCC_WARN_ABOUT_RETURN_TYPE = YES_ERROR;
				GCC_WARN_UNDECLARED_SELECTOR = YES;
				GCC_WARN_UNINITIALIZED_AUTOS = YES_AGGRESSIVE;
				GCC_WARN_UNUSED_FUNCTION = YES;
				GCC_WARN_UNUSED_VARIABLE = YES;
				IPHONEOS_DEPLOYMENT_TARGET = 10.0;
				MTL_ENABLE_DEBUG_INFO = NO;
				SDKROOT = iphoneos;
				SWIFT_OPTIMIZATION_LEVEL = "-Owholemodule";
				TARGETED_DEVICE_FAMILY = "1,2";
				VALIDATE_PRODUCT = YES;
			};
			name = Release;
		};
		1AC2A0CE1DCE7326001278F1 /* Debug */ = {
			isa = XCBuildConfiguration;
			buildSettings = {
				ASSETCATALOG_COMPILER_APPICON_NAME = AppIcon;
				INFOPLIST_FILE = NASAPOD/Info.plist;
				LD_RUNPATH_SEARCH_PATHS = "$(inherited) @executable_path/Frameworks";
				PRODUCT_BUNDLE_IDENTIFIER = nyc.c4q.jermainekelly.NASAPOD;
				PRODUCT_NAME = "$(TARGET_NAME)";
				SWIFT_VERSION = 3.0;
			};
			name = Debug;
		};
		1AC2A0CF1DCE7326001278F1 /* Release */ = {
			isa = XCBuildConfiguration;
			buildSettings = {
				ASSETCATALOG_COMPILER_APPICON_NAME = AppIcon;
				INFOPLIST_FILE = NASAPOD/Info.plist;
				LD_RUNPATH_SEARCH_PATHS = "$(inherited) @executable_path/Frameworks";
				PRODUCT_BUNDLE_IDENTIFIER = nyc.c4q.jermainekelly.NASAPOD;
				PRODUCT_NAME = "$(TARGET_NAME)";
				SWIFT_VERSION = 3.0;
			};
			name = Release;
		};
/* End XCBuildConfiguration section */

/* Begin XCConfigurationList section */
		1AC2A0B61DCE7326001278F1 /* Build configuration list for PBXProject "NASAPOD" */ = {
			isa = XCConfigurationList;
			buildConfigurations = (
				1AC2A0CB1DCE7326001278F1 /* Debug */,
				1AC2A0CC1DCE7326001278F1 /* Release */,
			);
			defaultConfigurationIsVisible = 0;
			defaultConfigurationName = Release;
		};
		1AC2A0CD1DCE7326001278F1 /* Build configuration list for PBXNativeTarget "NASAPOD" */ = {
			isa = XCConfigurationList;
			buildConfigurations = (
				1AC2A0CE1DCE7326001278F1 /* Debug */,
				1AC2A0CF1DCE7326001278F1 /* Release */,
			);
			defaultConfigurationIsVisible = 0;
			defaultConfigurationName = Release;
		};
/* End XCConfigurationList section */
	};
	rootObject = 1AC2A0B31DCE7326001278F1 /* Project object */;
}
